
Microsoft Visual Studio Solution File, Format Version 12.00
# Visual Studio Version 17
VisualStudioVersion = 17.11.35219.272
MinimumVisualStudioVersion = 10.0.40219.1
Project("{FAE04EC0-301F-11D3-BF4B-00C04F79EFBC}") = "loopar 8", "loopar 8\loopar 8.csproj", "{811EA645-437D-426A-8B5B-96F92C67C1FB}"
EndProject
Global
	GlobalSection(SolutionConfigurationPlatforms) = preSolution
		Debug|Any CPU = Debug|Any CPU
		Release|Any CPU = Release|Any CPU
	EndGlobalSection
	GlobalSection(ProjectConfigurationPlatforms) = postSolution
		{811EA645-437D-426A-8B5B-96F92C67C1FB}.Debug|Any CPU.ActiveCfg = Debug|Any CPU
		{811EA645-437D-426A-8B5B-96F92C67C1FB}.Debug|Any CPU.Build.0 = Debug|Any CPU
		{811EA645-437D-426A-8B5B-96F92C67C1FB}.Release|Any CPU.ActiveCfg = Release|Any CPU
		{811EA645-437D-426A-8B5B-96F92C67C1FB}.Release|Any CPU.Build.0 = Release|Any CPU
	EndGlobalSection
	GlobalSection(SolutionProperties) = preSolution
		HideSolutionNode = FALSE
	EndGlobalSection
	GlobalSection(ExtensibilityGlobals) = postSolution
		SolutionGuid = {E314EE85-2E66-4A60-8A15-FD2D2B33A7B5}
	EndGlobalSection
EndGlobal
